
Microsoft Visual Studio Solution File, Format Version 10.00
# Visual Studio 2008
Project("{FAE04EC0-301F-11D3-BF4B-00C04F79EFBC}") = "PhareAway", "PhareAway.csproj", "{0C9D6ADA-9586-4252-BF64-F1D80D9869F9}"
EndProject
Project("{FAE04EC0-301F-11D3-BF4B-00C04F79EFBC}") = "Xbox 360 Copy of PhareAway", "Xbox 360 Copy of PhareAway.csproj", "{989D4352-3BC7-462A-88FC-DB9E72C80A4C}"
EndProject
Project("{FAE04EC0-301F-11D3-BF4B-00C04F79EFBC}") = "Zune Copy of PhareAway", "Zune Copy of PhareAway.csproj", "{D8E52F1C-3B68-4C72-9A16-7B0E67FE5C5C}"
EndProject
Global
	GlobalSection(SolutionConfigurationPlatforms) = preSolution
		Debug|Mixed Platforms = Debug|Mixed Platforms
		Debug|x86 = Debug|x86
		Debug|Xbox 360 = Debug|Xbox 360
		Debug|Zune = Debug|Zune
		Release|Mixed Platforms = Release|Mixed Platforms
		Release|x86 = Release|x86
		Release|Xbox 360 = Release|Xbox 360
		Release|Zune = Release|Zune
	EndGlobalSection
	GlobalSection(ProjectConfigurationPlatforms) = postSolution
		{0C9D6ADA-9586-4252-BF64-F1D80D9869F9}.Debug|Mixed Platforms.ActiveCfg = Debug|x86
		{0C9D6ADA-9586-4252-BF64-F1D80D9869F9}.Debug|Mixed Platforms.Build.0 = Debug|x86
		{0C9D6ADA-9586-4252-BF64-F1D80D9869F9}.Debug|x86.ActiveCfg = Debug|x86
		{0C9D6ADA-9586-4252-BF64-F1D80D9869F9}.Debug|x86.Build.0 = Debug|x86
		{0C9D6ADA-9586-4252-BF64-F1D80D9869F9}.Debug|Xbox 360.ActiveCfg = Debug|x86
		{0C9D6ADA-9586-4252-BF64-F1D80D9869F9}.Debug|Zune.ActiveCfg = Debug|x86
		{0C9D6ADA-9586-4252-BF64-F1D80D9869F9}.Release|Mixed Platforms.ActiveCfg = Release|x86
		{0C9D6ADA-9586-4252-BF64-F1D80D9869F9}.Release|Mixed Platforms.Build.0 = Release|x86
		{0C9D6ADA-9586-4252-BF64-F1D80D9869F9}.Release|x86.ActiveCfg = Release|x86
		{0C9D6ADA-9586-4252-BF64-F1D80D9869F9}.Release|x86.Build.0 = Release|x86
		{0C9D6ADA-9586-4252-BF64-F1D80D9869F9}.Release|Xbox 360.ActiveCfg = Release|x86
		{0C9D6ADA-9586-4252-BF64-F1D80D9869F9}.Release|Zune.ActiveCfg = Release|x86
		{989D4352-3BC7-462A-88FC-DB9E72C80A4C}.Debug|Mixed Platforms.ActiveCfg = Debug|Xbox 360
		{989D4352-3BC7-462A-88FC-DB9E72C80A4C}.Debug|Mixed Platforms.Build.0 = Debug|Xbox 360
		{989D4352-3BC7-462A-88FC-DB9E72C80A4C}.Debug|Mixed Platforms.Deploy.0 = Debug|Xbox 360
		{989D4352-3BC7-462A-88FC-DB9E72C80A4C}.Debug|x86.ActiveCfg = Debug|Xbox 360
		{989D4352-3BC7-462A-88FC-DB9E72C80A4C}.Debug|Xbox 360.ActiveCfg = Debug|Xbox 360
		{989D4352-3BC7-462A-88FC-DB9E72C80A4C}.Debug|Xbox 360.Build.0 = Debug|Xbox 360
		{989D4352-3BC7-462A-88FC-DB9E72C80A4C}.Debug|Xbox 360.Deploy.0 = Debug|Xbox 360
		{989D4352-3BC7-462A-88FC-DB9E72C80A4C}.Debug|Zune.ActiveCfg = Debug|Xbox 360
		{989D4352-3BC7-462A-88FC-DB9E72C80A4C}.Release|Mixed Platforms.ActiveCfg = Release|Xbox 360
		{989D4352-3BC7-462A-88FC-DB9E72C80A4C}.Release|Mixed Platforms.Build.0 = Release|Xbox 360
		{989D4352-3BC7-462A-88FC-DB9E72C80A4C}.Release|Mixed Platforms.Deploy.0 = Release|Xbox 360
		{989D4352-3BC7-462A-88FC-DB9E72C80A4C}.Release|x86.ActiveCfg = Release|Xbox 360
		{989D4352-3BC7-462A-88FC-DB9E72C80A4C}.Release|Xbox 360.ActiveCfg = Release|Xbox 360
		{989D4352-3BC7-462A-88FC-DB9E72C80A4C}.Release|Xbox 360.Build.0 = Release|Xbox 360
		{989D4352-3BC7-462A-88FC-DB9E72C80A4C}.Release|Xbox 360.Deploy.0 = Release|Xbox 360
		{989D4352-3BC7-462A-88FC-DB9E72C80A4C}.Release|Zune.ActiveCfg = Release|Xbox 360
		{D8E52F1C-3B68-4C72-9A16-7B0E67FE5C5C}.Debug|Mixed Platforms.ActiveCfg = Debug|Zune
		{D8E52F1C-3B68-4C72-9A16-7B0E67FE5C5C}.Debug|Mixed Platforms.Build.0 = Debug|Zune
		{D8E52F1C-3B68-4C72-9A16-7B0E67FE5C5C}.Debug|Mixed Platforms.Deploy.0 = Debug|Zune
		{D8E52F1C-3B68-4C72-9A16-7B0E67FE5C5C}.Debug|x86.ActiveCfg = Debug|Zune
		{D8E52F1C-3B68-4C72-9A16-7B0E67FE5C5C}.Debug|Xbox 360.ActiveCfg = Debug|Zune
		{D8E52F1C-3B68-4C72-9A16-7B0E67FE5C5C}.Debug|Zune.ActiveCfg = Debug|Zune
		{D8E52F1C-3B68-4C72-9A16-7B0E67FE5C5C}.Debug|Zune.Build.0 = Debug|Zune
		{D8E52F1C-3B68-4C72-9A16-7B0E67FE5C5C}.Debug|Zune.Deploy.0 = Debug|Zune
		{D8E52F1C-3B68-4C72-9A16-7B0E67FE5C5C}.Release|Mixed Platforms.ActiveCfg = Release|Zune
		{D8E52F1C-3B68-4C72-9A16-7B0E67FE5C5C}.Release|Mixed Platforms.Build.0 = Release|Zune
		{D8E52F1C-3B68-4C72-9A16-7B0E67FE5C5C}.Release|Mixed Platforms.Deploy.0 = Release|Zune
		{D8E52F1C-3B68-4C72-9A16-7B0E67FE5C5C}.Release|x86.ActiveCfg = Release|Zune
		{D8E52F1C-3B68-4C72-9A16-7B0E67FE5C5C}.Release|Xbox 360.ActiveCfg = Release|Zune
		{D8E52F1C-3B68-4C72-9A16-7B0E67FE5C5C}.Release|Zune.ActiveCfg = Release|Zune
		{D8E52F1C-3B68-4C72-9A16-7B0E67FE5C5C}.Release|Zune.Build.0 = Release|Zune
		{D8E52F1C-3B68-4C72-9A16-7B0E67FE5C5C}.Release|Zune.Deploy.0 = Release|Zune
		{C042A0B3-6500-4FCD-B841-721B51602D57}.Debug|Mixed Platforms.ActiveCfg = Debug|x86
		{C042A0B3-6500-4FCD-B841-721B51602D57}.Debug|x86.ActiveCfg = Debug|x86
		{C042A0B3-6500-4FCD-B841-721B51602D57}.Debug|Xbox 360.ActiveCfg = Debug|x86
		{C042A0B3-6500-4FCD-B841-721B51602D57}.Debug|Zune.ActiveCfg = Debug|x86
		{C042A0B3-6500-4FCD-B841-721B51602D57}.Release|Mixed Platforms.ActiveCfg = Release|x86
		{C042A0B3-6500-4FCD-B841-721B51602D57}.Release|x86.ActiveCfg = Release|x86
		{C042A0B3-6500-4FCD-B841-721B51602D57}.Release|Xbox 360.ActiveCfg = Release|x86
		{C042A0B3-6500-4FCD-B841-721B51602D57}.Release|Zune.ActiveCfg = Release|x86
		{8EE0DF5B-3A96-44A4-B821-39B96D0EBDF0}.Debug|Mixed Platforms.ActiveCfg = Debug|x86
		{8EE0DF5B-3A96-44A4-B821-39B96D0EBDF0}.Debug|x86.ActiveCfg = Debug|x86
		{8EE0DF5B-3A96-44A4-B821-39B96D0EBDF0}.Debug|Xbox 360.ActiveCfg = Debug|x86
		{8EE0DF5B-3A96-44A4-B821-39B96D0EBDF0}.Debug|Zune.ActiveCfg = Debug|x86
		{8EE0DF5B-3A96-44A4-B821-39B96D0EBDF0}.Release|Mixed Platforms.ActiveCfg = Release|x86
		{8EE0DF5B-3A96-44A4-B821-39B96D0EBDF0}.Release|x86.ActiveCfg = Release|x86
		{8EE0DF5B-3A96-44A4-B821-39B96D0EBDF0}.Release|Xbox 360.ActiveCfg = Release|x86
		{8EE0DF5B-3A96-44A4-B821-39B96D0EBDF0}.Release|Zune.ActiveCfg = Release|x86
	EndGlobalSection
	GlobalSection(SolutionProperties) = preSolution
		HideSolutionNode = FALSE
	EndGlobalSection
EndGlobal
